
Microsoft Visual Studio Solution File, Format Version 12.00
# Visual Studio 15
VisualStudioVersion = 15.0.27130.2027
MinimumVisualStudioVersion = 10.0.40219.1
Project("{8BC9CEB8-8B4A-11D0-8D11-00A0C91BC942}") = "activetracking", "activetracking\activetracking.vcxproj", "{0E3493F0-C02C-4498-B806-5C0914ED9B17}"
EndProject
Global
	GlobalSection(SolutionConfigurationPlatforms) = preSolution
		Debug|x64 = Debug|x64
		Debug|x86 = Debug|x86
		Release|x64 = Release|x64
		Release|x86 = Release|x86
	EndGlobalSection
	GlobalSection(ProjectConfigurationPlatforms) = postSolution
		{0E3493F0-C02C-4498-B806-5C0914ED9B17}.Debug|x64.ActiveCfg = Debug|x64
		{0E3493F0-C02C-4498-B806-5C0914ED9B17}.Debug|x64.Build.0 = Debug|x64
		{0E3493F0-C02C-4498-B806-5C0914ED9B17}.Debug|x86.ActiveCfg = Debug|Win32
		{0E3493F0-C02C-4498-B806-5C0914ED9B17}.Debug|x86.Build.0 = Debug|Win32
		{0E3493F0-C02C-4498-B806-5C0914ED9B17}.Release|x64.ActiveCfg = Release|x64
		{0E3493F0-C02C-4498-B806-5C0914ED9B17}.Release|x64.Build.0 = Release|x64
		{0E3493F0-C02C-4498-B806-5C0914ED9B17}.Release|x86.ActiveCfg = Release|Win32
		{0E3493F0-C02C-4498-B806-5C0914ED9B17}.Release|x86.Build.0 = Release|Win32
	EndGlobalSection
	GlobalSection(SolutionProperties) = preSolution
		HideSolutionNode = FALSE
	EndGlobalSection
	GlobalSection(ExtensibilityGlobals) = postSolution
		SolutionGuid = {3AFA61A1-980D-4FB4-BC84-0D1934391772}
	EndGlobalSection
EndGlobal
